
Microsoft Visual Studio Solution File, Format Version 12.00
# Visual Studio Version 17
VisualStudioVersion = 17.6.33723.286
MinimumVisualStudioVersion = 10.0.40219.1
Project("{FAE04EC0-301F-11D3-BF4B-00C04F79EFBC}") = "NewWebshopAPI", "NewWebshopAPI\NewWebshopAPI.csproj", "{BDDB933B-39E7-4F57-98B5-0C4FDEFD282F}"
EndProject
Global
	GlobalSection(SolutionConfigurationPlatforms) = preSolution
		Debug|Any CPU = Debug|Any CPU
		Release|Any CPU = Release|Any CPU
	EndGlobalSection
	GlobalSection(ProjectConfigurationPlatforms) = postSolution
		{BDDB933B-39E7-4F57-98B5-0C4FDEFD282F}.Debug|Any CPU.ActiveCfg = Debug|Any CPU
		{BDDB933B-39E7-4F57-98B5-0C4FDEFD282F}.Debug|Any CPU.Build.0 = Debug|Any CPU
		{BDDB933B-39E7-4F57-98B5-0C4FDEFD282F}.Release|Any CPU.ActiveCfg = Release|Any CPU
		{BDDB933B-39E7-4F57-98B5-0C4FDEFD282F}.Release|Any CPU.Build.0 = Release|Any CPU
	EndGlobalSection
	GlobalSection(SolutionProperties) = preSolution
		HideSolutionNode = FALSE
	EndGlobalSection
	GlobalSection(ExtensibilityGlobals) = postSolution
		SolutionGuid = {3B42443F-5437-4017-BD13-AFA2A0B56461}
	EndGlobalSection
EndGlobal
